
Microsoft Visual Studio Solution File, Format Version 12.00
# Visual Studio Version 16
VisualStudioVersion = 16.0.30804.86
MinimumVisualStudioVersion = 10.0.40219.1
Project("{FAE04EC0-301F-11D3-BF4B-00C04F79EFBC}") = "Lab3Csharp", "Lab3Csharp.csproj", "{6F2F1916-96C9-4CAD-830A-91085D6B0109}"
EndProject
Global
	GlobalSection(SolutionConfigurationPlatforms) = preSolution
		Debug|Any CPU = Debug|Any CPU
		Release|Any CPU = Release|Any CPU
	EndGlobalSection
	GlobalSection(ProjectConfigurationPlatforms) = postSolution
		{6F2F1916-96C9-4CAD-830A-91085D6B0109}.Debug|Any CPU.ActiveCfg = Debug|Any CPU
		{6F2F1916-96C9-4CAD-830A-91085D6B0109}.Debug|Any CPU.Build.0 = Debug|Any CPU
		{6F2F1916-96C9-4CAD-830A-91085D6B0109}.Release|Any CPU.ActiveCfg = Release|Any CPU
		{6F2F1916-96C9-4CAD-830A-91085D6B0109}.Release|Any CPU.Build.0 = Release|Any CPU
	EndGlobalSection
	GlobalSection(SolutionProperties) = preSolution
		HideSolutionNode = FALSE
	EndGlobalSection
	GlobalSection(ExtensibilityGlobals) = postSolution
		SolutionGuid = {383907F1-6163-4D35-9D48-AFE45B2DE64C}
	EndGlobalSection
EndGlobal
